
Microsoft Visual Studio Solution File, Format Version 12.00
Project("{2150E333-8FDC-42A3-9474-1A3956D46DE8}") = "CORE", "CORE", "{26BFF2FD-4C4C-41E7-9492-50C028D29529}"
EndProject
Project("{FAE04EC0-301F-11D3-BF4B-00C04F79EFBC}") = "RestaurantApi.Domain", "src\RestaurantApi.Domain\RestaurantApi.Domain.csproj", "{AB58D57D-CF2B-471A-A840-B0E3160098C5}"
EndProject
Project("{FAE04EC0-301F-11D3-BF4B-00C04F79EFBC}") = "RestaurantApi.Application", "src\RestaurantApi.Application\RestaurantApi.Application.csproj", "{49A80971-EED3-4923-BC1B-D74587643810}"
EndProject
Project("{2150E333-8FDC-42A3-9474-1A3956D46DE8}") = "Infrastructure", "Infrastructure", "{635088AE-76F4-4A2B-87C1-F06CD969AE90}"
EndProject
Project("{FAE04EC0-301F-11D3-BF4B-00C04F79EFBC}") = "RestaurantApi.Persistence", "src\RestaurantApi.Persistence\RestaurantApi.Persistence.csproj", "{03B65461-02E4-4328-B042-949D56B53BAC}"
EndProject
Project("{2150E333-8FDC-42A3-9474-1A3956D46DE8}") = "Presentation", "Presentation", "{3322EB5E-7F02-45B4-917B-6127F422AAC7}"
EndProject
Project("{FAE04EC0-301F-11D3-BF4B-00C04F79EFBC}") = "RestaurantApi.WebApi", "src\RestaurantApi.WebApi\RestaurantApi.WebApi.csproj", "{476BC08E-0AD0-414A-8A9A-5EFDEF6CB2F8}"
EndProject
Project("{2150E333-8FDC-42A3-9474-1A3956D46DE8}") = "Solution Items", "Solution Items", "{7F5E9AF6-2A31-4B78-90CF-69FD94C746FB}"
	ProjectSection(SolutionItems) = preProject
		compose.yaml = compose.yaml
	EndProjectSection
EndProject
Global
	GlobalSection(SolutionConfigurationPlatforms) = preSolution
		Debug|Any CPU = Debug|Any CPU
		Release|Any CPU = Release|Any CPU
	EndGlobalSection
	GlobalSection(NestedProjects) = preSolution
		{AB58D57D-CF2B-471A-A840-B0E3160098C5} = {26BFF2FD-4C4C-41E7-9492-50C028D29529}
		{49A80971-EED3-4923-BC1B-D74587643810} = {26BFF2FD-4C4C-41E7-9492-50C028D29529}
		{03B65461-02E4-4328-B042-949D56B53BAC} = {635088AE-76F4-4A2B-87C1-F06CD969AE90}
		{476BC08E-0AD0-414A-8A9A-5EFDEF6CB2F8} = {3322EB5E-7F02-45B4-917B-6127F422AAC7}
	EndGlobalSection
	GlobalSection(ProjectConfigurationPlatforms) = postSolution
		{AB58D57D-CF2B-471A-A840-B0E3160098C5}.Debug|Any CPU.ActiveCfg = Debug|Any CPU
		{AB58D57D-CF2B-471A-A840-B0E3160098C5}.Debug|Any CPU.Build.0 = Debug|Any CPU
		{AB58D57D-CF2B-471A-A840-B0E3160098C5}.Release|Any CPU.ActiveCfg = Release|Any CPU
		{AB58D57D-CF2B-471A-A840-B0E3160098C5}.Release|Any CPU.Build.0 = Release|Any CPU
		{49A80971-EED3-4923-BC1B-D74587643810}.Debug|Any CPU.ActiveCfg = Debug|Any CPU
		{49A80971-EED3-4923-BC1B-D74587643810}.Debug|Any CPU.Build.0 = Debug|Any CPU
		{49A80971-EED3-4923-BC1B-D74587643810}.Release|Any CPU.ActiveCfg = Release|Any CPU
		{49A80971-EED3-4923-BC1B-D74587643810}.Release|Any CPU.Build.0 = Release|Any CPU
		{03B65461-02E4-4328-B042-949D56B53BAC}.Debug|Any CPU.ActiveCfg = Debug|Any CPU
		{03B65461-02E4-4328-B042-949D56B53BAC}.Debug|Any CPU.Build.0 = Debug|Any CPU
		{03B65461-02E4-4328-B042-949D56B53BAC}.Release|Any CPU.ActiveCfg = Release|Any CPU
		{03B65461-02E4-4328-B042-949D56B53BAC}.Release|Any CPU.Build.0 = Release|Any CPU
		{476BC08E-0AD0-414A-8A9A-5EFDEF6CB2F8}.Debug|Any CPU.ActiveCfg = Debug|Any CPU
		{476BC08E-0AD0-414A-8A9A-5EFDEF6CB2F8}.Debug|Any CPU.Build.0 = Debug|Any CPU
		{476BC08E-0AD0-414A-8A9A-5EFDEF6CB2F8}.Release|Any CPU.ActiveCfg = Release|Any CPU
		{476BC08E-0AD0-414A-8A9A-5EFDEF6CB2F8}.Release|Any CPU.Build.0 = Release|Any CPU
	EndGlobalSection
EndGlobal
